
Microsoft Visual Studio Solution File, Format Version 12.00
# Visual Studio Version 17
VisualStudioVersion = 17.14.36518.9 d17.14
MinimumVisualStudioVersion = 10.0.40219.1
Project("{D2ABAB84-BF74-430A-B69E-9DC6D40DDA17}") = "SalesAnalysisCube", "SalesAnalysisCube\SalesAnalysisCube.dwproj", "{5AE638F6-9B15-3D91-3CAD-8544C4D4E166}"
EndProject
Global
	GlobalSection(SolutionConfigurationPlatforms) = preSolution
		Development|Default = Development|Default
	EndGlobalSection
	GlobalSection(ProjectConfigurationPlatforms) = postSolution
		{5AE638F6-9B15-3D91-3CAD-8544C4D4E166}.Development|Default.ActiveCfg = Development
		{5AE638F6-9B15-3D91-3CAD-8544C4D4E166}.Development|Default.Build.0 = Development
		{5AE638F6-9B15-3D91-3CAD-8544C4D4E166}.Development|Default.Deploy.0 = Development
	EndGlobalSection
	GlobalSection(SolutionProperties) = preSolution
		HideSolutionNode = FALSE
	EndGlobalSection
	GlobalSection(ExtensibilityGlobals) = postSolution
		SolutionGuid = {5C2760DB-C410-4DDC-A74A-2531E21C82A4}
	EndGlobalSection
EndGlobal
